<?xml version="1.0" encoding="utf-8"?>
<Project ToolsVersion="4.0" xmlns="http://schemas.microsoft.com/developer/msbuild/2003">
  <ItemGroup>
    <Filter Include="Source Files">
      <UniqueIdentifier>{b6bd5de2-c94b-43d2-862d-5224a9973ae7}</UniqueIdentifier>
      <Extensions>cpp;c;cxx;rc;def;r;odl;idl;hpj;bat</Extensions>
    </Filter>
    <Filter Include="Header Files">
      <UniqueIdentifier>{80578a5a-dd7b-43d9-89d3-94f3ab2e978e}</UniqueIdentifier>
      <Extensions>h;hpp;hxx;hm;inl</Extensions>
    </Filter>
    <Filter Include="Resource Files">
      <UniqueIdentifier>{e8709971-eb17-4644-adfe-6b814abd0dd7}</UniqueIdentifier>
      <Extensions>ico;cur;bmp;dlg;rc2;rct;bin;rgs;gif;jpg;jpeg;jpe</Extensions>
    </Filter>
  </ItemGroup>
  <ItemGroup>
    <ClCompile Include="1394CamAcq.cpp">
      <Filter>Source Files</Filter>
    </ClCompile>
    <ClCompile Include="1394CamCap.cpp">
      <Filter>Source Files</Filter>
    </ClCompile>
    <ClCompile Include="1394Camera.cpp">
      <Filter>Source Files</Filter>
    </ClCompile>
    <ClCompile Include="1394CameraControl.cpp">
      <Filter>Source Files</Filter>
    </ClCompile>
    <ClCompile Include="1394CameraControlSize.cpp">
      <Filter>Source Files</Filter>
    </ClCompile>
    <ClCompile Include="1394CameraControlStrobe.cpp">
      <Filter>Source Files</Filter>
    </ClCompile>
    <ClCompile Include="1394CameraControlTrigger.cpp">
      <Filter>Source Files</Filter>
    </ClCompile>
    <ClCompile Include="1394CamFMR.cpp">
      <Filter>Source Files</Filter>
    </ClCompile>
    <ClCompile Include="1394CamMem.cpp">
      <Filter>Source Files</Filter>
    </ClCompile>
    <ClCompile Include="1394CamPIO.cpp">
      <Filter>Source Files</Filter>
    </ClCompile>
    <ClCompile Include="1394CamReg.cpp">
      <Filter>Source Files</Filter>
    </ClCompile>
    <ClCompile Include="1394CamRGB.cpp">
      <Filter>Source Files</Filter>
    </ClCompile>
    <ClCompile Include="1394CamSIO.cpp">
      <Filter>Source Files</Filter>
    </ClCompile>
    <ClCompile Include="1394main.c">
      <Filter>Source Files</Filter>
    </ClCompile>
    <ClCompile Include="ControlDialog.cpp">
      <Filter>Source Files</Filter>
    </ClCompile>
    <ClCompile Include="ControlPane.cpp">
      <Filter>Source Files</Filter>
    </ClCompile>
    <ClCompile Include="ControlSizeDialog.cpp">
      <Filter>Source Files</Filter>
    </ClCompile>
    <ClCompile Include="ControlWrappers.cpp">
      <Filter>Source Files</Filter>
    </ClCompile>
    <ClCompile Include="debug.c">
      <Filter>Source Files</Filter>
    </ClCompile>
    <ClCompile Include="isochapi.c">
      <Filter>Source Files</Filter>
    </ClCompile>
    <ClCompile Include="tables.c">
      <Filter>Source Files</Filter>
    </ClCompile>
  </ItemGroup>
  <ItemGroup>
    <ResourceCompile Include="1394camera.rc">
      <Filter>Source Files</Filter>
    </ResourceCompile>
  </ItemGroup>
  <ItemGroup>
    <ClInclude Include="1394camapi.h">
      <Filter>Header Files</Filter>
    </ClInclude>
    <ClInclude Include="1394Camera.h">
      <Filter>Header Files</Filter>
    </ClInclude>
    <ClInclude Include="1394CameraControl.h">
      <Filter>Header Files</Filter>
    </ClInclude>
    <ClInclude Include="1394CameraControlSize.h">
      <Filter>Header Files</Filter>
    </ClInclude>
    <ClInclude Include="1394CameraControlStrobe.h">
      <Filter>Header Files</Filter>
    </ClInclude>
    <ClInclude Include="1394CameraControlTrigger.h">
      <Filter>Header Files</Filter>
    </ClInclude>
    <ClInclude Include="1394common.h">
      <Filter>Header Files</Filter>
    </ClInclude>
    <ClInclude Include="ControlDialog.h">
      <Filter>Header Files</Filter>
    </ClInclude>
    <ClInclude Include="debug.h">
      <Filter>Header Files</Filter>
    </ClInclude>
    <ClInclude Include="pch.h">
      <Filter>Header Files</Filter>
    </ClInclude>
    <ClInclude Include="resource.h">
      <Filter>Header Files</Filter>
    </ClInclude>
  </ItemGroup>
  <ItemGroup>
    <CustomBuild Include="res\1394CameraDemo.ico">
      <Filter>Resource Files</Filter>
    </CustomBuild>
  </ItemGroup>
</Project>