<?xml version="1.0" encoding="utf-8"?>
<Project ToolsVersion="4.0" xmlns="http://schemas.microsoft.com/developer/msbuild/2003">
  <ItemGroup>
    <Filter Include="Source Files">
      <UniqueIdentifier>{4FC737F1-C7A5-4376-A066-2A32D752A2FF}</UniqueIdentifier>
      <Extensions>cpp;c;cc;cxx;def;odl;idl;hpj;bat;asm;asmx</Extensions>
    </Filter>
    <Filter Include="Header Files">
      <UniqueIdentifier>{93995380-89BD-4b04-88EB-625FBE52EBFB}</UniqueIdentifier>
      <Extensions>h;hpp;hxx;hm;inl;inc;xsd</Extensions>
    </Filter>
    <Filter Include="Resource Files">
      <UniqueIdentifier>{67DA6AB6-F800-4c08-8B7A-83BB121AAD01}</UniqueIdentifier>
      <Extensions>rc;ico;cur;bmp;dlg;rc2;rct;bin;rgs;gif;jpg;jpeg;jpe;resx;tiff;tif;png;wav;mfcribbon-ms</Extensions>
    </Filter>
    <Filter Include="Source Files\camera">
      <UniqueIdentifier>{87f0ee9d-b7e7-4459-b256-9d368022f588}</UniqueIdentifier>
    </Filter>
    <Filter Include="Header Files\camera">
      <UniqueIdentifier>{d367ccf2-bcc5-4745-be8b-85167ff23d4a}</UniqueIdentifier>
    </Filter>
    <Filter Include="Header Files\network">
      <UniqueIdentifier>{90f6c1ab-67a6-4e9e-8ba3-98cb669eaf2e}</UniqueIdentifier>
    </Filter>
    <Filter Include="Source Files\network">
      <UniqueIdentifier>{07dcfb31-f830-4786-8ef7-079fa98100b6}</UniqueIdentifier>
    </Filter>
    <Filter Include="Header Files\artag">
      <UniqueIdentifier>{81c8b9dc-d8e1-4e03-8757-98af9ba586bb}</UniqueIdentifier>
    </Filter>
    <Filter Include="Source Files\artag">
      <UniqueIdentifier>{2dea7744-feaa-4895-9a82-c590b01b3478}</UniqueIdentifier>
    </Filter>
  </ItemGroup>
  <ItemGroup>
    <ClCompile Include="camera\AutoWhiteBal.cpp">
      <Filter>Source Files\camera</Filter>
    </ClCompile>
    <ClCompile Include="camera\sync1394camera.cpp">
      <Filter>Source Files\camera</Filter>
    </ClCompile>
    <ClCompile Include="main.cpp">
      <Filter>Source Files</Filter>
    </ClCompile>
    <ClCompile Include="network\net_utility.cpp">
      <Filter>Source Files\network</Filter>
    </ClCompile>
    <ClCompile Include="network\udp_connection.cpp">
      <Filter>Source Files\network</Filter>
    </ClCompile>
    <ClCompile Include="artag\ARtag.cpp">
      <Filter>Source Files\artag</Filter>
    </ClCompile>
    <ClCompile Include="artag\ARtagLocalizer.cpp">
      <Filter>Source Files\artag</Filter>
    </ClCompile>
  </ItemGroup>
  <ItemGroup>
    <ClInclude Include="camera\sync1394camera.h">
      <Filter>Header Files\camera</Filter>
    </ClInclude>
    <ClInclude Include="camera\AutoWhiteBal.h">
      <Filter>Header Files\camera</Filter>
    </ClInclude>
    <ClInclude Include="network\net_utility.h">
      <Filter>Header Files\network</Filter>
    </ClInclude>
    <ClInclude Include="network\udp_connection.h">
      <Filter>Header Files\network</Filter>
    </ClInclude>
    <ClInclude Include="network\udp_message.h">
      <Filter>Header Files\network</Filter>
    </ClInclude>
    <ClInclude Include="artag\ARtag.h">
      <Filter>Header Files\artag</Filter>
    </ClInclude>
    <ClInclude Include="artag\ARtagLocalizer.h">
      <Filter>Header Files\artag</Filter>
    </ClInclude>
  </ItemGroup>
</Project>